
Microsoft Visual Studio Solution File, Format Version 12.00
# Visual Studio Version 16
VisualStudioVersion = 16.0.30907.101
MinimumVisualStudioVersion = 10.0.40219.1
Project("{FAE04EC0-301F-11D3-BF4B-00C04F79EFBC}") = "citb517_2", "citb517_2.csproj", "{3FB913E1-8CFC-4F96-8980-E89FF9442B0E}"
EndProject
Global
	GlobalSection(SolutionConfigurationPlatforms) = preSolution
		Debug|Any CPU = Debug|Any CPU
		Release|Any CPU = Release|Any CPU
	EndGlobalSection
	GlobalSection(ProjectConfigurationPlatforms) = postSolution
		{3FB913E1-8CFC-4F96-8980-E89FF9442B0E}.Debug|Any CPU.ActiveCfg = Debug|Any CPU
		{3FB913E1-8CFC-4F96-8980-E89FF9442B0E}.Debug|Any CPU.Build.0 = Debug|Any CPU
		{3FB913E1-8CFC-4F96-8980-E89FF9442B0E}.Release|Any CPU.ActiveCfg = Release|Any CPU
		{3FB913E1-8CFC-4F96-8980-E89FF9442B0E}.Release|Any CPU.Build.0 = Release|Any CPU
	EndGlobalSection
	GlobalSection(SolutionProperties) = preSolution
		HideSolutionNode = FALSE
	EndGlobalSection
	GlobalSection(ExtensibilityGlobals) = postSolution
		SolutionGuid = {B4275CAB-0572-4BDB-A961-A52FEF0C3B63}
	EndGlobalSection
EndGlobal
